
Microsoft Visual Studio Solution File, Format Version 12.00
# Visual Studio 15
VisualStudioVersion = 15.0.27130.0
MinimumVisualStudioVersion = 10.0.40219.1
Project("{FAE04EC0-301F-11D3-BF4B-00C04F79EFBC}") = "haber uygulamsı", "haber uygulamsı\haber uygulamsı.csproj", "{555D39C3-64D9-406F-BF0C-DD66B9B6A50A}"
EndProject
Global
	GlobalSection(SolutionConfigurationPlatforms) = preSolution
		Debug|Any CPU = Debug|Any CPU
		Release|Any CPU = Release|Any CPU
	EndGlobalSection
	GlobalSection(ProjectConfigurationPlatforms) = postSolution
		{555D39C3-64D9-406F-BF0C-DD66B9B6A50A}.Debug|Any CPU.ActiveCfg = Debug|Any CPU
		{555D39C3-64D9-406F-BF0C-DD66B9B6A50A}.Debug|Any CPU.Build.0 = Debug|Any CPU
		{555D39C3-64D9-406F-BF0C-DD66B9B6A50A}.Release|Any CPU.ActiveCfg = Release|Any CPU
		{555D39C3-64D9-406F-BF0C-DD66B9B6A50A}.Release|Any CPU.Build.0 = Release|Any CPU
	EndGlobalSection
	GlobalSection(SolutionProperties) = preSolution
		HideSolutionNode = FALSE
	EndGlobalSection
	GlobalSection(ExtensibilityGlobals) = postSolution
		SolutionGuid = {1BCFAD69-8803-4A14-8100-174D49B65832}
	EndGlobalSection
EndGlobal
